
Microsoft Visual Studio Solution File, Format Version 12.00
# Visual Studio Version 16
VisualStudioVersion = 16.0.28803.156
MinimumVisualStudioVersion = 10.0.40219.1
Project("{888888A0-9F3D-457C-B088-3A5042F75D52}") = "PythonWebTestApp", "PythonWebTestApp\PythonWebTestApp.pyproj", "{ED3CD731-AC87-4A1C-863B-F41644549905}"
EndProject
Global
	GlobalSection(SolutionConfigurationPlatforms) = preSolution
		Debug|Any CPU = Debug|Any CPU
		Release|Any CPU = Release|Any CPU
	EndGlobalSection
	GlobalSection(ProjectConfigurationPlatforms) = postSolution
		{ED3CD731-AC87-4A1C-863B-F41644549905}.Debug|Any CPU.ActiveCfg = Debug|Any CPU
		{ED3CD731-AC87-4A1C-863B-F41644549905}.Debug|Any CPU.Build.0 = Debug|Any CPU
		{ED3CD731-AC87-4A1C-863B-F41644549905}.Release|Any CPU.ActiveCfg = Release|Any CPU
		{ED3CD731-AC87-4A1C-863B-F41644549905}.Release|Any CPU.Build.0 = Release|Any CPU
	EndGlobalSection
	GlobalSection(SolutionProperties) = preSolution
		HideSolutionNode = FALSE
	EndGlobalSection
	GlobalSection(ExtensibilityGlobals) = postSolution
		SolutionGuid = {B4EB7487-118E-48BB-8F29-88B45FA1AB52}
	EndGlobalSection
EndGlobal
